// !$*UTF8*$!
{
	archiveVersion = 1;
	classes = {
	};
	objectVersion = 56;
	objects = {

/* Begin PBXBuildFile section */
		9A1B65DC29258B6800388F2C /* AppDelegate.swift in Sources */ = {isa = PBXBuildFile; fileRef = 9A1B65DB29258B6800388F2C /* AppDelegate.swift */; };
		9A1B65DE29258B6800388F2C /* SceneDelegate.swift in Sources */ = {isa = PBXBuildFile; fileRef = 9A1B65DD29258B6800388F2C /* SceneDelegate.swift */; };
		9A1B65E029258B6800388F2C /* ZooViewController.swift in Sources */ = {isa = PBXBuildFile; fileRef = 9A1B65DF29258B6800388F2C /* ZooViewController.swift */; };
		9A1B65E329258B6800388F2C /* Main.storyboard in Resources */ = {isa = PBXBuildFile; fileRef = 9A1B65E129258B6800388F2C /* Main.storyboard */; };
		9A1B65E529258B6800388F2C /* Assets.xcassets in Resources */ = {isa = PBXBuildFile; fileRef = 9A1B65E429258B6800388F2C /* Assets.xcassets */; };
		9A1B65E829258B6800388F2C /* LaunchScreen.storyboard in Resources */ = {isa = PBXBuildFile; fileRef = 9A1B65E629258B6800388F2C /* LaunchScreen.storyboard */; };
		9A5A8126292A7B1D006B7A41 /* CustomTableViewCell.swift in Sources */ = {isa = PBXBuildFile; fileRef = 9A5A8124292A7B1D006B7A41 /* CustomTableViewCell.swift */; };
		9A5A8127292A7B1D006B7A41 /* CustomTableViewCell.xib in Resources */ = {isa = PBXBuildFile; fileRef = 9A5A8125292A7B1D006B7A41 /* CustomTableViewCell.xib */; };
		9A8A965E29296C52001AA211 /* ListViewController.swift in Sources */ = {isa = PBXBuildFile; fileRef = 9A8A965D29296C52001AA211 /* ListViewController.swift */; };
		9A92583829293ED6003F7851 /* AnimalViewController.swift in Sources */ = {isa = PBXBuildFile; fileRef = 9A92583729293ED6003F7851 /* AnimalViewController.swift */; };
		9A92583A29293EFB003F7851 /* SitterViewController.swift in Sources */ = {isa = PBXBuildFile; fileRef = 9A92583929293EFB003F7851 /* SitterViewController.swift */; };
/* End PBXBuildFile section */

/* Begin PBXFileReference section */
		9A1B65D829258B6800388F2C /* zooManagement.app */ = {isa = PBXFileReference; explicitFileType = wrapper.application; includeInIndex = 0; path = zooManagement.app; sourceTree = BUILT_PRODUCTS_DIR; };
		9A1B65DB29258B6800388F2C /* AppDelegate.swift */ = {isa = PBXFileReference; lastKnownFileType = sourcecode.swift; path = AppDelegate.swift; sourceTree = "<group>"; };
		9A1B65DD29258B6800388F2C /* SceneDelegate.swift */ = {isa = PBXFileReference; lastKnownFileType = sourcecode.swift; path = SceneDelegate.swift; sourceTree = "<group>"; };
		9A1B65DF29258B6800388F2C /* ZooViewController.swift */ = {isa = PBXFileReference; lastKnownFileType = sourcecode.swift; path = ZooViewController.swift; sourceTree = "<group>"; };
		9A1B65E229258B6800388F2C /* Base */ = {isa = PBXFileReference; lastKnownFileType = file.storyboard; name = Base; path = Base.lproj/Main.storyboard; sourceTree = "<group>"; };
		9A1B65E429258B6800388F2C /* Assets.xcassets */ = {isa = PBXFileReference; lastKnownFileType = folder.assetcatalog; path = Assets.xcassets; sourceTree = "<group>"; };
		9A1B65E729258B6800388F2C /* Base */ = {isa = PBXFileReference; lastKnownFileType = file.storyboard; name = Base; path = Base.lproj/LaunchScreen.storyboard; sourceTree = "<group>"; };
		9A1B65E929258B6800388F2C /* Info.plist */ = {isa = PBXFileReference; lastKnownFileType = text.plist.xml; path = Info.plist; sourceTree = "<group>"; };
		9A5A8124292A7B1D006B7A41 /* CustomTableViewCell.swift */ = {isa = PBXFileReference; lastKnownFileType = sourcecode.swift; path = CustomTableViewCell.swift; sourceTree = "<group>"; };
		9A5A8125292A7B1D006B7A41 /* CustomTableViewCell.xib */ = {isa = PBXFileReference; lastKnownFileType = file.xib; path = CustomTableViewCell.xib; sourceTree = "<group>"; };
		9A8A965D29296C52001AA211 /* ListViewController.swift */ = {isa = PBXFileReference; lastKnownFileType = sourcecode.swift; path = ListViewController.swift; sourceTree = "<group>"; };
		9A92583729293ED6003F7851 /* AnimalViewController.swift */ = {isa = PBXFileReference; lastKnownFileType = sourcecode.swift; path = AnimalViewController.swift; sourceTree = "<group>"; };
		9A92583929293EFB003F7851 /* SitterViewController.swift */ = {isa = PBXFileReference; lastKnownFileType = sourcecode.swift; path = SitterViewController.swift; sourceTree = "<group>"; };
/* End PBXFileReference section */

/* Begin PBXFrameworksBuildPhase section */
		9A1B65D529258B6800388F2C /* Frameworks */ = {
			isa = PBXFrameworksBuildPhase;
			buildActionMask = 2147483647;
			files = (
			);
			runOnlyForDeploymentPostprocessing = 0;
		};
/* End PBXFrameworksBuildPhase section */

/* Begin PBXGroup section */
		9A1B65CF29258B6800388F2C = {
			isa = PBXGroup;
			children = (
				9A1B65DA29258B6800388F2C /* zooManagement */,
				9A1B65D929258B6800388F2C /* Products */,
			);
			sourceTree = "<group>";
		};
		9A1B65D929258B6800388F2C /* Products */ = {
			isa = PBXGroup;
			children = (
				9A1B65D829258B6800388F2C /* zooManagement.app */,
			);
			name = Products;
			sourceTree = "<group>";
		};
		9A1B65DA29258B6800388F2C /* zooManagement */ = {
			isa = PBXGroup;
			children = (
				9A5A812D292A800A006B7A41 /* View */,
				9A5A812C292A7FF4006B7A41 /* List */,
				9A5A812B292A7FE0006B7A41 /* Sitter */,
				9A5A812A292A7FBF006B7A41 /* Animal */,
				9A5A8129292A7FB2006B7A41 /* Zoo */,
				9A5A8128292A7F9B006B7A41 /* App */,
			);
			path = zooManagement;
			sourceTree = "<group>";
		};
		9A5A8128292A7F9B006B7A41 /* App */ = {
			isa = PBXGroup;
			children = (
				9A1B65E929258B6800388F2C /* Info.plist */,
				9A1B65E429258B6800388F2C /* Assets.xcassets */,
				9A1B65DD29258B6800388F2C /* SceneDelegate.swift */,
				9A1B65DB29258B6800388F2C /* AppDelegate.swift */,
			);
			path = App;
			sourceTree = "<group>";
		};
		9A5A8129292A7FB2006B7A41 /* Zoo */ = {
			isa = PBXGroup;
			children = (
				9A1B65DF29258B6800388F2C /* ZooViewController.swift */,
			);
			path = Zoo;
			sourceTree = "<group>";
		};
		9A5A812A292A7FBF006B7A41 /* Animal */ = {
			isa = PBXGroup;
			children = (
				9A92583729293ED6003F7851 /* AnimalViewController.swift */,
			);
			path = Animal;
			sourceTree = "<group>";
		};
		9A5A812B292A7FE0006B7A41 /* Sitter */ = {
			isa = PBXGroup;
			children = (
				9A92583929293EFB003F7851 /* SitterViewController.swift */,
			);
			path = Sitter;
			sourceTree = "<group>";
		};
		9A5A812C292A7FF4006B7A41 /* List */ = {
			isa = PBXGroup;
			children = (
				9A8A965D29296C52001AA211 /* ListViewController.swift */,
				9A5A8124292A7B1D006B7A41 /* CustomTableViewCell.swift */,
				9A5A8125292A7B1D006B7A41 /* CustomTableViewCell.xib */,
			);
			path = List;
			sourceTree = "<group>";
		};
		9A5A812D292A800A006B7A41 /* View */ = {
			isa = PBXGroup;
			children = (
				9A1B65E129258B6800388F2C /* Main.storyboard */,
				9A1B65E629258B6800388F2C /* LaunchScreen.storyboard */,
			);
			path = View;
			sourceTree = "<group>";
		};
/* End PBXGroup section */

/* Begin PBXNativeTarget section */
		9A1B65D729258B6800388F2C /* zooManagement */ = {
			isa = PBXNativeTarget;
			buildConfigurationList = 9A1B65EC29258B6800388F2C /* Build configuration list for PBXNativeTarget "zooManagement" */;
			buildPhases = (
				9A1B65D429258B6800388F2C /* Sources */,
				9A1B65D529258B6800388F2C /* Frameworks */,
				9A1B65D629258B6800388F2C /* Resources */,
			);
			buildRules = (
			);
			dependencies = (
			);
			name = zooManagement;
			productName = zooManagement;
			productReference = 9A1B65D829258B6800388F2C /* zooManagement.app */;
			productType = "com.apple.product-type.application";
		};
/* End PBXNativeTarget section */

/* Begin PBXProject section */
		9A1B65D029258B6800388F2C /* Project object */ = {
			isa = PBXProject;
			attributes = {
				BuildIndependentTargetsInParallel = 1;
				LastSwiftUpdateCheck = 1400;
				LastUpgradeCheck = 1400;
				TargetAttributes = {
					9A1B65D729258B6800388F2C = {
						CreatedOnToolsVersion = 14.0.1;
					};
				};
			};
			buildConfigurationList = 9A1B65D329258B6800388F2C /* Build configuration list for PBXProject "zooManagement" */;
			compatibilityVersion = "Xcode 14.0";
			developmentRegion = en;
			hasScannedForEncodings = 0;
			knownRegions = (
				en,
				Base,
			);
			mainGroup = 9A1B65CF29258B6800388F2C;
			productRefGroup = 9A1B65D929258B6800388F2C /* Products */;
			projectDirPath = "";
			projectRoot = "";
			targets = (
				9A1B65D729258B6800388F2C /* zooManagement */,
			);
		};
/* End PBXProject section */

/* Begin PBXResourcesBuildPhase section */
		9A1B65D629258B6800388F2C /* Resources */ = {
			isa = PBXResourcesBuildPhase;
			buildActionMask = 2147483647;
			files = (
				9A1B65E829258B6800388F2C /* LaunchScreen.storyboard in Resources */,
				9A1B65E529258B6800388F2C /* Assets.xcassets in Resources */,
				9A5A8127292A7B1D006B7A41 /* CustomTableViewCell.xib in Resources */,
				9A1B65E329258B6800388F2C /* Main.storyboard in Resources */,
			);
			runOnlyForDeploymentPostprocessing = 0;
		};
/* End PBXResourcesBuildPhase section */

/* Begin PBXSourcesBuildPhase section */
		9A1B65D429258B6800388F2C /* Sources */ = {
			isa = PBXSourcesBuildPhase;
			buildActionMask = 2147483647;
			files = (
				9A1B65E029258B6800388F2C /* ZooViewController.swift in Sources */,
				9A92583A29293EFB003F7851 /* SitterViewController.swift in Sources */,
				9A8A965E29296C52001AA211 /* ListViewController.swift in Sources */,
				9A5A8126292A7B1D006B7A41 /* CustomTableViewCell.swift in Sources */,
				9A1B65DC29258B6800388F2C /* AppDelegate.swift in Sources */,
				9A92583829293ED6003F7851 /* AnimalViewController.swift in Sources */,
				9A1B65DE29258B6800388F2C /* SceneDelegate.swift in Sources */,
			);
			runOnlyForDeploymentPostprocessing = 0;
		};
/* End PBXSourcesBuildPhase section */

/* Begin PBXVariantGroup section */
		9A1B65E129258B6800388F2C /* Main.storyboard */ = {
			isa = PBXVariantGroup;
			children = (
				9A1B65E229258B6800388F2C /* Base */,
			);
			name = Main.storyboard;
			sourceTree = "<group>";
		};
		9A1B65E629258B6800388F2C /* LaunchScreen.storyboard */ = {
			isa = PBXVariantGroup;
			children = (
				9A1B65E729258B6800388F2C /* Base */,
			);
			name = LaunchScreen.storyboard;
			sourceTree = "<group>";
		};
/* End PBXVariantGroup section */

/* Begin XCBuildConfiguration section */
		9A1B65EA29258B6800388F2C /* Debug */ = {
			isa = XCBuildConfiguration;
			buildSettings = {
				ALWAYS_SEARCH_USER_PATHS = NO;
				CLANG_ANALYZER_NONNULL = YES;
				CLANG_ANALYZER_NUMBER_OBJECT_CONVERSION = YES_AGGRESSIVE;
				CLANG_CXX_LANGUAGE_STANDARD = "gnu++20";
				CLANG_ENABLE_MODULES = YES;
				CLANG_ENABLE_OBJC_ARC = YES;
				CLANG_ENABLE_OBJC_WEAK = YES;
				CLANG_WARN_BLOCK_CAPTURE_AUTORELEASING = YES;
				CLANG_WARN_BOOL_CONVERSION = YES;
				CLANG_WARN_COMMA = YES;
				CLANG_WARN_CONSTANT_CONVERSION = YES;
				CLANG_WARN_DEPRECATED_OBJC_IMPLEMENTATIONS = YES;
				CLANG_WARN_DIRECT_OBJC_ISA_USAGE = YES_ERROR;
				CLANG_WARN_DOCUMENTATION_COMMENTS = YES;
				CLANG_WARN_EMPTY_BODY = YES;
				CLANG_WARN_ENUM_CONVERSION = YES;
				CLANG_WARN_INFINITE_RECURSION = YES;
				CLANG_WARN_INT_CONVERSION = YES;
				CLANG_WARN_NON_LITERAL_NULL_CONVERSION = YES;
				CLANG_WARN_OBJC_IMPLICIT_RETAIN_SELF = YES;
				CLANG_WARN_OBJC_LITERAL_CONVERSION = YES;
				CLANG_WARN_OBJC_ROOT_CLASS = YES_ERROR;
				CLANG_WARN_QUOTED_INCLUDE_IN_FRAMEWORK_HEADER = YES;
				CLANG_WARN_RANGE_LOOP_ANALYSIS = YES;
				CLANG_WARN_STRICT_PROTOTYPES = YES;
				CLANG_WARN_SUSPICIOUS_MOVE = YES;
				CLANG_WARN_UNGUARDED_AVAILABILITY = YES_AGGRESSIVE;
				CLANG_WARN_UNREACHABLE_CODE = YES;
				CLANG_WARN__DUPLICATE_METHOD_MATCH = YES;
				COPY_PHASE_STRIP = NO;
				DEBUG_INFORMATION_FORMAT = dwarf;
				ENABLE_STRICT_OBJC_MSGSEND = YES;
				ENABLE_TESTABILITY = YES;
				GCC_C_LANGUAGE_STANDARD = gnu11;
				GCC_DYNAMIC_NO_PIC = NO;
				GCC_NO_COMMON_BLOCKS = YES;
				GCC_OPTIMIZATION_LEVEL = 0;
				GCC_PREPROCESSOR_DEFINITIONS = (
					"DEBUG=1",
					"$(inherited)",
				);
				GCC_WARN_64_TO_32_BIT_CONVERSION = YES;
				GCC_WARN_ABOUT_RETURN_TYPE = YES_ERROR;
				GCC_WARN_UNDECLARED_SELECTOR = YES;
				GCC_WARN_UNINITIALIZED_AUTOS = YES_AGGRESSIVE;
				GCC_WARN_UNUSED_FUNCTION = YES;
				GCC_WARN_UNUSED_VARIABLE = YES;
				IPHONEOS_DEPLOYMENT_TARGET = 16.0;
				MTL_ENABLE_DEBUG_INFO = INCLUDE_SOURCE;
				MTL_FAST_MATH = YES;
				ONLY_ACTIVE_ARCH = YES;
				SDKROOT = iphoneos;
				SWIFT_ACTIVE_COMPILATION_CONDITIONS = DEBUG;
				SWIFT_OPTIMIZATION_LEVEL = "-Onone";
			};
			name = Debug;
		};
		9A1B65EB29258B6800388F2C /* Release */ = {
			isa = XCBuildConfiguration;
			buildSettings = {
				ALWAYS_SEARCH_USER_PATHS = NO;
				CLANG_ANALYZER_NONNULL = YES;
				CLANG_ANALYZER_NUMBER_OBJECT_CONVERSION = YES_AGGRESSIVE;
				CLANG_CXX_LANGUAGE_STANDARD = "gnu++20";
				CLANG_ENABLE_MODULES = YES;
				CLANG_ENABLE_OBJC_ARC = YES;
				CLANG_ENABLE_OBJC_WEAK = YES;
				CLANG_WARN_BLOCK_CAPTURE_AUTORELEASING = YES;
				CLANG_WARN_BOOL_CONVERSION = YES;
				CLANG_WARN_COMMA = YES;
				CLANG_WARN_CONSTANT_CONVERSION = YES;
				CLANG_WARN_DEPRECATED_OBJC_IMPLEMENTATIONS = YES;
				CLANG_WARN_DIRECT_OBJC_ISA_USAGE = YES_ERROR;
				CLANG_WARN_DOCUMENTATION_COMMENTS = YES;
				CLANG_WARN_EMPTY_BODY = YES;
				CLANG_WARN_ENUM_CONVERSION = YES;
				CLANG_WARN_INFINITE_RECURSION = YES;
				CLANG_WARN_INT_CONVERSION = YES;
				CLANG_WARN_NON_LITERAL_NULL_CONVERSION = YES;
				CLANG_WARN_OBJC_IMPLICIT_RETAIN_SELF = YES;
				CLANG_WARN_OBJC_LITERAL_CONVERSION = YES;
				CLANG_WARN_OBJC_ROOT_CLASS = YES_ERROR;
				CLANG_WARN_QUOTED_INCLUDE_IN_FRAMEWORK_HEADER = YES;
				CLANG_WARN_RANGE_LOOP_ANALYSIS = YES;
				CLANG_WARN_STRICT_PROTOTYPES = YES;
				CLANG_WARN_SUSPICIOUS_MOVE = YES;
				CLANG_WARN_UNGUARDED_AVAILABILITY = YES_AGGRESSIVE;
				CLANG_WARN_UNREACHABLE_CODE = YES;
				CLANG_WARN__DUPLICATE_METHOD_MATCH = YES;
				COPY_PHASE_STRIP = NO;
				DEBUG_INFORMATION_FORMAT = "dwarf-with-dsym";
				ENABLE_NS_ASSERTIONS = NO;
				ENABLE_STRICT_OBJC_MSGSEND = YES;
				GCC_C_LANGUAGE_STANDARD = gnu11;
				GCC_NO_COMMON_BLOCKS = YES;
				GCC_WARN_64_TO_32_BIT_CONVERSION = YES;
				GCC_WARN_ABOUT_RETURN_TYPE = YES_ERROR;
				GCC_WARN_UNDECLARED_SELECTOR = YES;
				GCC_WARN_UNINITIALIZED_AUTOS = YES_AGGRESSIVE;
				GCC_WARN_UNUSED_FUNCTION = YES;
				GCC_WARN_UNUSED_VARIABLE = YES;
				IPHONEOS_DEPLOYMENT_TARGET = 16.0;
				MTL_ENABLE_DEBUG_INFO = NO;
				MTL_FAST_MATH = YES;
				SDKROOT = iphoneos;
				SWIFT_COMPILATION_MODE = wholemodule;
				SWIFT_OPTIMIZATION_LEVEL = "-O";
				VALIDATE_PRODUCT = YES;
			};
			name = Release;
		};
		9A1B65ED29258B6800388F2C /* Debug */ = {
			isa = XCBuildConfiguration;
			buildSettings = {
				ASSETCATALOG_COMPILER_APPICON_NAME = AppIcon;
				ASSETCATALOG_COMPILER_GLOBAL_ACCENT_COLOR_NAME = AccentColor;
				CODE_SIGN_STYLE = Automatic;
				CURRENT_PROJECT_VERSION = 1;
				GENERATE_INFOPLIST_FILE = YES;
				INFOPLIST_FILE = zooManagement/Info.plist;
				INFOPLIST_KEY_UIApplicationSupportsIndirectInputEvents = YES;
				INFOPLIST_KEY_UILaunchStoryboardName = LaunchScreen;
				INFOPLIST_KEY_UIMainStoryboardFile = Main;
				INFOPLIST_KEY_UISupportedInterfaceOrientations_iPad = "UIInterfaceOrientationPortrait UIInterfaceOrientationPortraitUpsideDown UIInterfaceOrientationLandscapeLeft UIInterfaceOrientationLandscapeRight";
				INFOPLIST_KEY_UISupportedInterfaceOrientations_iPhone = "UIInterfaceOrientationPortrait UIInterfaceOrientationLandscapeLeft UIInterfaceOrientationLandscapeRight";
				LD_RUNPATH_SEARCH_PATHS = (
					"$(inherited)",
					"@executable_path/Frameworks",
				);
				MARKETING_VERSION = 1.0;
				PRODUCT_BUNDLE_IDENTIFIER = com.tarikefe.zooManagement;
				PRODUCT_NAME = "$(TARGET_NAME)";
				SWIFT_EMIT_LOC_STRINGS = YES;
				SWIFT_VERSION = 5.0;
				TARGETED_DEVICE_FAMILY = "1,2";
			};
			name = Debug;
		};
		9A1B65EE29258B6800388F2C /* Release */ = {
			isa = XCBuildConfiguration;
			buildSettings = {
				ASSETCATALOG_COMPILER_APPICON_NAME = AppIcon;
				ASSETCATALOG_COMPILER_GLOBAL_ACCENT_COLOR_NAME = AccentColor;
				CODE_SIGN_STYLE = Automatic;
				CURRENT_PROJECT_VERSION = 1;
				GENERATE_INFOPLIST_FILE = YES;
				INFOPLIST_FILE = zooManagement/Info.plist;
				INFOPLIST_KEY_UIApplicationSupportsIndirectInputEvents = YES;
				INFOPLIST_KEY_UILaunchStoryboardName = LaunchScreen;
				INFOPLIST_KEY_UIMainStoryboardFile = Main;
				INFOPLIST_KEY_UISupportedInterfaceOrientations_iPad = "UIInterfaceOrientationPortrait UIInterfaceOrientationPortraitUpsideDown UIInterfaceOrientationLandscapeLeft UIInterfaceOrientationLandscapeRight";
				INFOPLIST_KEY_UISupportedInterfaceOrientations_iPhone = "UIInterfaceOrientationPortrait UIInterfaceOrientationLandscapeLeft UIInterfaceOrientationLandscapeRight";
				LD_RUNPATH_SEARCH_PATHS = (
					"$(inherited)",
					"@executable_path/Frameworks",
				);
				MARKETING_VERSION = 1.0;
				PRODUCT_BUNDLE_IDENTIFIER = com.tarikefe.zooManagement;
				PRODUCT_NAME = "$(TARGET_NAME)";
				SWIFT_EMIT_LOC_STRINGS = YES;
				SWIFT_VERSION = 5.0;
				TARGETED_DEVICE_FAMILY = "1,2";
			};
			name = Release;
		};
/* End XCBuildConfiguration section */

/* Begin XCConfigurationList section */
		9A1B65D329258B6800388F2C /* Build configuration list for PBXProject "zooManagement" */ = {
			isa = XCConfigurationList;
			buildConfigurations = (
				9A1B65EA29258B6800388F2C /* Debug */,
				9A1B65EB29258B6800388F2C /* Release */,
			);
			defaultConfigurationIsVisible = 0;
			defaultConfigurationName = Release;
		};
		9A1B65EC29258B6800388F2C /* Build configuration list for PBXNativeTarget "zooManagement" */ = {
			isa = XCConfigurationList;
			buildConfigurations = (
				9A1B65ED29258B6800388F2C /* Debug */,
				9A1B65EE29258B6800388F2C /* Release */,
			);
			defaultConfigurationIsVisible = 0;
			defaultConfigurationName = Release;
		};
/* End XCConfigurationList section */
	};
	rootObject = 9A1B65D029258B6800388F2C /* Project object */;
}
